
Microsoft Visual Studio Solution File, Format Version 12.00
# Visual Studio Version 17
VisualStudioVersion = 17.0.31919.166
MinimumVisualStudioVersion = 10.0.40219.1
Project("{FAE04EC0-301F-11D3-BF4B-00C04F79EFBC}") = "TverrfagligDatabase", "TverrfagligDatabase\TverrfagligDatabase.csproj", "{C9FD0D5A-EEE8-412E-BE9F-DCF2576F0EC2}"
EndProject
Global
	GlobalSection(SolutionConfigurationPlatforms) = preSolution
		Debug|Any CPU = Debug|Any CPU
		Release|Any CPU = Release|Any CPU
	EndGlobalSection
	GlobalSection(ProjectConfigurationPlatforms) = postSolution
		{C9FD0D5A-EEE8-412E-BE9F-DCF2576F0EC2}.Debug|Any CPU.ActiveCfg = Debug|Any CPU
		{C9FD0D5A-EEE8-412E-BE9F-DCF2576F0EC2}.Debug|Any CPU.Build.0 = Debug|Any CPU
		{C9FD0D5A-EEE8-412E-BE9F-DCF2576F0EC2}.Release|Any CPU.ActiveCfg = Release|Any CPU
		{C9FD0D5A-EEE8-412E-BE9F-DCF2576F0EC2}.Release|Any CPU.Build.0 = Release|Any CPU
	EndGlobalSection
	GlobalSection(SolutionProperties) = preSolution
		HideSolutionNode = FALSE
	EndGlobalSection
	GlobalSection(ExtensibilityGlobals) = postSolution
		SolutionGuid = {60B9673E-DB33-4DD2-997C-5CB1A1D91E10}
	EndGlobalSection
EndGlobal
